# -------------------------------------------------------------------------- #
#
# Copyright (C) 2019  Intel Corporation. All rights reserved.
# Your use of Intel Corporation's design tools, logic functions 
# and other software and tools, and any partner logic 
# functions, and any output files from any of the foregoing 
# (including device programming or simulation files), and any 
# associated documentation or information are expressly subject 
# to the terms and conditions of the Intel Program License 
# Subscription Agreement, the Intel Quartus Prime License Agreement,
# the Intel FPGA IP License Agreement, or other applicable license
# agreement, including, without limitation, that your use is for
# the sole purpose of programming logic devices manufactured by
# Intel and sold by Intel or its authorized distributors.  Please
# refer to the applicable agreement for further details, at
# https://fpgasoftware.intel.com/eula.
#
# -------------------------------------------------------------------------- #
#
# Quartus Prime
# Version 19.1.0 Build 670 09/22/2019 SJ Lite Edition
# Date created = 01:19:00  August 13, 2023
#
# -------------------------------------------------------------------------- #
#
# Notes:
#
# 1) The default values for assignments are stored in the file:
#		595test_assignment_defaults.qdf
#    If this file doesn't exist, see file:
#		assignment_defaults.qdf
#
# 2) Altera recommends that you do not modify this file. This
#    file is updated automatically by the Quartus Prime software
#    and any changes you make may be lost or overwritten.
#
# -------------------------------------------------------------------------- #


set_global_assignment -name FAMILY "Cyclone IV E"
set_global_assignment -name DEVICE EP4CE22F17C6
set_global_assignment -name TOP_LEVEL_ENTITY 595test
set_global_assignment -name ORIGINAL_QUARTUS_VERSION 19.1.0
set_global_assignment -name PROJECT_CREATION_TIME_DATE "01:19:00  AUGUST 13, 2023"
set_global_assignment -name LAST_QUARTUS_VERSION "19.1.0 Lite Edition"
set_global_assignment -name PROJECT_OUTPUT_DIRECTORY output_files
set_global_assignment -name MIN_CORE_JUNCTION_TEMP 0
set_global_assignment -name MAX_CORE_JUNCTION_TEMP 85
set_global_assignment -name ERROR_CHECK_FREQUENCY_DIVISOR 1
set_global_assignment -name NOMINAL_CORE_SUPPLY_VOLTAGE 1.2V
set_global_assignment -name BDF_FILE 595test.bdf
set_global_assignment -name PARTITION_NETLIST_TYPE SOURCE -section_id Top
set_global_assignment -name PARTITION_FITTER_PRESERVATION_LEVEL PLACEMENT_AND_ROUTING -section_id Top
set_global_assignment -name PARTITION_COLOR 16764057 -section_id Top
set_global_assignment -name VHDL_FILE dimmer.vhd
set_global_assignment -name BDF_FILE dimmer595.bdf
set_global_assignment -name BDF_FILE 8dimmer595.bdf
set_location_assignment PIN_L13 -to clock
set_location_assignment PIN_K15 -to datain
set_location_assignment PIN_J14 -to latch
set_location_assignment PIN_R8 -to mainclock
set_location_assignment PIN_T11 -to zero
set_location_assignment PIN_F13 -to tout[0]
set_location_assignment PIN_T15 -to tout[1]
set_location_assignment PIN_T13 -to tout[2]
set_location_assignment PIN_T12 -to tout[3]
set_location_assignment PIN_R11 -to tout[4]
set_location_assignment PIN_R10 -to tout[5]
set_location_assignment PIN_P9 -to tout[6]
set_location_assignment PIN_N11 -to tout[7]
set_location_assignment PIN_L15 -to tout[8]
set_location_assignment PIN_P16 -to tout[9]
set_location_assignment PIN_N16 -to tout[10]
set_location_assignment PIN_P14 -to tout[11]
set_location_assignment PIN_T14 -to tout[12]
set_location_assignment PIN_R13 -to tout[13]
set_location_assignment PIN_R12 -to tout[14]
set_location_assignment PIN_T10 -to tout[15]
set_location_assignment PIN_N12 -to tout[16]
set_location_assignment PIN_N9 -to tout[17]
set_location_assignment PIN_L16 -to tout[18]
set_location_assignment PIN_R16 -to tout[19]
set_location_assignment PIN_R14 -to tout[20]
set_location_assignment PIN_N15 -to tout[21]
set_location_assignment PIN_L14 -to tout[22]
set_location_assignment PIN_M10 -to tout[23]
set_instance_assignment -name IO_STANDARD "3.3-V LVTTL" -to zero
set_instance_assignment -name IO_STANDARD "3.3-V LVTTL" -to tout[0]
set_instance_assignment -name IO_STANDARD "3.3-V LVTTL" -to tout[1]
set_instance_assignment -name IO_STANDARD "3.3-V LVTTL" -to tout[2]
set_instance_assignment -name IO_STANDARD "3.3-V LVTTL" -to tout[6]
set_instance_assignment -name IO_STANDARD "3.3-V LVTTL" -to clock
set_instance_assignment -name IO_STANDARD "3.3-V LVTTL" -to datain
set_instance_assignment -name IO_STANDARD "3.3-V LVTTL" -to dataout
set_instance_assignment -name IO_STANDARD "3.3-V LVTTL" -to latch
set_instance_assignment -name IO_STANDARD "3.3-V LVTTL" -to tout[38]
set_instance_assignment -name IO_STANDARD "3.3-V LVTTL" -to tout[39]
set_instance_assignment -name IO_STANDARD "3.3-V LVTTL" -to mainclock
set_instance_assignment -name IO_STANDARD "3.3-V LVTTL" -to tout[37]
set_instance_assignment -name IO_STANDARD "3.3-V LVTTL" -to tout[36]
set_instance_assignment -name IO_STANDARD "3.3-V LVTTL" -to tout[35]
set_instance_assignment -name IO_STANDARD "3.3-V LVTTL" -to tout[34]
set_instance_assignment -name IO_STANDARD "3.3-V LVTTL" -to tout[33]
set_instance_assignment -name IO_STANDARD "3.3-V LVTTL" -to tout[32]
set_instance_assignment -name IO_STANDARD "3.3-V LVTTL" -to tout[31]
set_instance_assignment -name IO_STANDARD "3.3-V LVTTL" -to tout[30]
set_instance_assignment -name IO_STANDARD "3.3-V LVTTL" -to tout[29]
set_instance_assignment -name IO_STANDARD "3.3-V LVTTL" -to tout[28]
set_instance_assignment -name IO_STANDARD "3.3-V LVTTL" -to tout[27]
set_instance_assignment -name IO_STANDARD "3.3-V LVTTL" -to tout[26]
set_instance_assignment -name IO_STANDARD "3.3-V LVTTL" -to tout[25]
set_instance_assignment -name IO_STANDARD "3.3-V LVTTL" -to tout[24]
set_instance_assignment -name IO_STANDARD "3.3-V LVTTL" -to tout[23]
set_instance_assignment -name IO_STANDARD "3.3-V LVTTL" -to tout[22]
set_instance_assignment -name IO_STANDARD "3.3-V LVTTL" -to tout[21]
set_instance_assignment -name IO_STANDARD "3.3-V LVTTL" -to tout[20]
set_instance_assignment -name IO_STANDARD "3.3-V LVTTL" -to tout[19]
set_instance_assignment -name IO_STANDARD "3.3-V LVTTL" -to tout[18]
set_instance_assignment -name IO_STANDARD "3.3-V LVTTL" -to tout[17]
set_instance_assignment -name IO_STANDARD "3.3-V LVTTL" -to tout[16]
set_instance_assignment -name IO_STANDARD "3.3-V LVTTL" -to tout[15]
set_instance_assignment -name IO_STANDARD "3.3-V LVTTL" -to tout[14]
set_instance_assignment -name IO_STANDARD "3.3-V LVTTL" -to tout[13]
set_instance_assignment -name IO_STANDARD "3.3-V LVTTL" -to tout[12]
set_instance_assignment -name IO_STANDARD "3.3-V LVTTL" -to tout[11]
set_instance_assignment -name IO_STANDARD "3.3-V LVTTL" -to tout[10]
set_instance_assignment -name IO_STANDARD "3.3-V LVTTL" -to tout[9]
set_instance_assignment -name IO_STANDARD "3.3-V LVTTL" -to tout[8]
set_instance_assignment -name IO_STANDARD "3.3-V LVTTL" -to tout[7]
set_instance_assignment -name IO_STANDARD "3.3-V LVTTL" -to tout[5]
set_instance_assignment -name IO_STANDARD "3.3-V LVTTL" -to tout[4]
set_instance_assignment -name IO_STANDARD "3.3-V LVTTL" -to tout[3]
set_location_assignment PIN_D3 -to tout[24]
set_location_assignment PIN_C3 -to tout[25]
set_location_assignment PIN_A3 -to tout[26]
set_location_assignment PIN_B4 -to tout[27]
set_location_assignment PIN_D5 -to tout[28]
set_location_assignment PIN_A6 -to tout[29]
set_location_assignment PIN_D6 -to tout[30]
set_location_assignment PIN_C6 -to tout[31]
set_location_assignment PIN_D8 -to tout[32]
set_location_assignment PIN_F8 -to tout[33]
set_location_assignment PIN_E9 -to tout[34]
set_location_assignment PIN_D9 -to tout[35]
set_location_assignment PIN_A2 -to tout[36]
set_location_assignment PIN_B3 -to tout[37]
set_location_assignment PIN_A4 -to tout[38]
set_location_assignment PIN_A5 -to tout[39]
set_location_assignment PIN_K16 -to zero1
set_location_assignment PIN_N14 -to zero2
set_location_assignment PIN_P11 -to zero3
set_location_assignment PIN_P15 -to zero4
set_location_assignment PIN_J16 -to zero5
set_location_assignment PIN_B5 -to zero6
set_location_assignment PIN_E6 -to zero7
set_location_assignment PIN_E10 -to zero8
set_location_assignment PIN_B6 -to zero9
set_instance_assignment -name PARTITION_HIERARCHY root_partition -to | -section_id Top